// !$*UTF8*$!
{
	archiveVersion = 1;
	classes = {
	};
	objectVersion = 46;
	objects = {

/* Begin PBXBuildFile section */
		24F43E881FB7319000C61BC8 /* AppDelegate.swift in Sources */ = {isa = PBXBuildFile; fileRef = 24F43E871FB7319000C61BC8 /* AppDelegate.swift */; };
		24F43E8A1FB7319000C61BC8 /* ViewController.swift in Sources */ = {isa = PBXBuildFile; fileRef = 24F43E891FB7319000C61BC8 /* ViewController.swift */; };
		24F43E8D1FB7319000C61BC8 /* Main.storyboard in Resources */ = {isa = PBXBuildFile; fileRef = 24F43E8B1FB7319000C61BC8 /* Main.storyboard */; };
		24F43E8F1FB7319000C61BC8 /* Assets.xcassets in Resources */ = {isa = PBXBuildFile; fileRef = 24F43E8E1FB7319000C61BC8 /* Assets.xcassets */; };
		24F43E921FB7319000C61BC8 /* LaunchScreen.storyboard in Resources */ = {isa = PBXBuildFile; fileRef = 24F43E901FB7319000C61BC8 /* LaunchScreen.storyboard */; };
/* End PBXBuildFile section */

/* Begin PBXFileReference section */
		24F43E841FB7319000C61BC8 /* StudentRecipe.app */ = {isa = PBXFileReference; explicitFileType = wrapper.application; includeInIndex = 0; path = StudentRecipe.app; sourceTree = BUILT_PRODUCTS_DIR; };
		24F43E871FB7319000C61BC8 /* AppDelegate.swift */ = {isa = PBXFileReference; lastKnownFileType = sourcecode.swift; path = AppDelegate.swift; sourceTree = "<group>"; };
		24F43E891FB7319000C61BC8 /* ViewController.swift */ = {isa = PBXFileReference; lastKnownFileType = sourcecode.swift; path = ViewController.swift; sourceTree = "<group>"; };
		24F43E8C1FB7319000C61BC8 /* Base */ = {isa = PBXFileReference; lastKnownFileType = file.storyboard; name = Base; path = Base.lproj/Main.storyboard; sourceTree = "<group>"; };
		24F43E8E1FB7319000C61BC8 /* Assets.xcassets */ = {isa = PBXFileReference; lastKnownFileType = folder.assetcatalog; path = Assets.xcassets; sourceTree = "<group>"; };
		24F43E911FB7319000C61BC8 /* Base */ = {isa = PBXFileReference; lastKnownFileType = file.storyboard; name = Base; path = Base.lproj/LaunchScreen.storyboard; sourceTree = "<group>"; };
		24F43E931FB7319000C61BC8 /* Info.plist */ = {isa = PBXFileReference; lastKnownFileType = text.plist.xml; path = Info.plist; sourceTree = "<group>"; };
/* End PBXFileReference section */

/* Begin PBXFrameworksBuildPhase section */
		24F43E811FB7319000C61BC8 /* Frameworks */ = {
			isa = PBXFrameworksBuildPhase;
			buildActionMask = 2147483647;
			files = (
			);
			runOnlyForDeploymentPostprocessing = 0;
		};
/* End PBXFrameworksBuildPhase section */

/* Begin PBXGroup section */
		24F43E7B1FB7319000C61BC8 = {
			isa = PBXGroup;
			children = (
				24F43E861FB7319000C61BC8 /* StudentRecipe */,
				24F43E851FB7319000C61BC8 /* Products */,
			);
			sourceTree = "<group>";
		};
		24F43E851FB7319000C61BC8 /* Products */ = {
			isa = PBXGroup;
			children = (
				24F43E841FB7319000C61BC8 /* StudentRecipe.app */,
			);
			name = Products;
			sourceTree = "<group>";
		};
		24F43E861FB7319000C61BC8 /* StudentRecipe */ = {
			isa = PBXGroup;
			children = (
				24F43E871FB7319000C61BC8 /* AppDelegate.swift */,
				24F43E891FB7319000C61BC8 /* ViewController.swift */,
				24F43E8B1FB7319000C61BC8 /* Main.storyboard */,
				24F43E8E1FB7319000C61BC8 /* Assets.xcassets */,
				24F43E901FB7319000C61BC8 /* LaunchScreen.storyboard */,
				24F43E931FB7319000C61BC8 /* Info.plist */,
			);
			path = StudentRecipe;
			sourceTree = "<group>";
		};
/* End PBXGroup section */

/* Begin PBXNativeTarget section */
		24F43E831FB7319000C61BC8 /* StudentRecipe */ = {
			isa = PBXNativeTarget;
			buildConfigurationList = 24F43E961FB7319000C61BC8 /* Build configuration list for PBXNativeTarget "StudentRecipe" */;
			buildPhases = (
				24F43E801FB7319000C61BC8 /* Sources */,
				24F43E811FB7319000C61BC8 /* Frameworks */,
				24F43E821FB7319000C61BC8 /* Resources */,
			);
			buildRules = (
			);
			dependencies = (
			);
			name = StudentRecipe;
			productName = StudentRecipe;
			productReference = 24F43E841FB7319000C61BC8 /* StudentRecipe.app */;
			productType = "com.apple.product-type.application";
		};
/* End PBXNativeTarget section */

/* Begin PBXProject section */
		24F43E7C1FB7319000C61BC8 /* Project object */ = {
			isa = PBXProject;
			attributes = {
				LastSwiftUpdateCheck = 0830;
				LastUpgradeCheck = 0830;
				ORGANIZATIONNAME = MohamedRoudani;
				TargetAttributes = {
					24F43E831FB7319000C61BC8 = {
						CreatedOnToolsVersion = 8.3.3;
						ProvisioningStyle = Automatic;
					};
				};
			};
			buildConfigurationList = 24F43E7F1FB7319000C61BC8 /* Build configuration list for PBXProject "StudentRecipe" */;
			compatibilityVersion = "Xcode 3.2";
			developmentRegion = English;
			hasScannedForEncodings = 0;
			knownRegions = (
				en,
				Base,
			);
			mainGroup = 24F43E7B1FB7319000C61BC8;
			productRefGroup = 24F43E851FB7319000C61BC8 /* Products */;
			projectDirPath = "";
			projectRoot = "";
			targets = (
				24F43E831FB7319000C61BC8 /* StudentRecipe */,
			);
		};
/* End PBXProject section */

/* Begin PBXResourcesBuildPhase section */
		24F43E821FB7319000C61BC8 /* Resources */ = {
			isa = PBXResourcesBuildPhase;
			buildActionMask = 2147483647;
			files = (
				24F43E921FB7319000C61BC8 /* LaunchScreen.storyboard in Resources */,
				24F43E8F1FB7319000C61BC8 /* Assets.xcassets in Resources */,
				24F43E8D1FB7319000C61BC8 /* Main.storyboard in Resources */,
			);
			runOnlyForDeploymentPostprocessing = 0;
		};
/* End PBXResourcesBuildPhase section */

/* Begin PBXSourcesBuildPhase section */
		24F43E801FB7319000C61BC8 /* Sources */ = {
			isa = PBXSourcesBuildPhase;
			buildActionMask = 2147483647;
			files = (
				24F43E8A1FB7319000C61BC8 /* ViewController.swift in Sources */,
				24F43E881FB7319000C61BC8 /* AppDelegate.swift in Sources */,
			);
			runOnlyForDeploymentPostprocessing = 0;
		};
/* End PBXSourcesBuildPhase section */

/* Begin PBXVariantGroup section */
		24F43E8B1FB7319000C61BC8 /* Main.storyboard */ = {
			isa = PBXVariantGroup;
			children = (
				24F43E8C1FB7319000C61BC8 /* Base */,
			);
			name = Main.storyboard;
			sourceTree = "<group>";
		};
		24F43E901FB7319000C61BC8 /* LaunchScreen.storyboard */ = {
			isa = PBXVariantGroup;
			children = (
				24F43E911FB7319000C61BC8 /* Base */,
			);
			name = LaunchScreen.storyboard;
			sourceTree = "<group>";
		};
/* End PBXVariantGroup section */

/* Begin XCBuildConfiguration section */
		24F43E941FB7319000C61BC8 /* Debug */ = {
			isa = XCBuildConfiguration;
			buildSettings = {
				ALWAYS_SEARCH_USER_PATHS = NO;
				CLANG_ANALYZER_NONNULL = YES;
				CLANG_ANALYZER_NUMBER_OBJECT_CONVERSION = YES_AGGRESSIVE;
				CLANG_CXX_LANGUAGE_STANDARD = "gnu++0x";
				CLANG_CXX_LIBRARY = "libc++";
				CLANG_ENABLE_MODULES = YES;
				CLANG_ENABLE_OBJC_ARC = YES;
				CLANG_WARN_BOOL_CONVERSION = YES;
				CLANG_WARN_CONSTANT_CONVERSION = YES;
				CLANG_WARN_DIRECT_OBJC_ISA_USAGE = YES_ERROR;
				CLANG_WARN_DOCUMENTATION_COMMENTS = YES;
				CLANG_WARN_EMPTY_BODY = YES;
				CLANG_WARN_ENUM_CONVERSION = YES;
				CLANG_WARN_INFINITE_RECURSION = YES;
				CLANG_WARN_INT_CONVERSION = YES;
				CLANG_WARN_OBJC_ROOT_CLASS = YES_ERROR;
				CLANG_WARN_SUSPICIOUS_MOVE = YES;
				CLANG_WARN_UNREACHABLE_CODE = YES;
				CLANG_WARN__DUPLICATE_METHOD_MATCH = YES;
				"CODE_SIGN_IDENTITY[sdk=iphoneos*]" = "iPhone Developer";
				COPY_PHASE_STRIP = NO;
				DEBUG_INFORMATION_FORMAT = dwarf;
				ENABLE_STRICT_OBJC_MSGSEND = YES;
				ENABLE_TESTABILITY = YES;
				GCC_C_LANGUAGE_STANDARD = gnu99;
				GCC_DYNAMIC_NO_PIC = NO;
				GCC_NO_COMMON_BLOCKS = YES;
				GCC_OPTIMIZATION_LEVEL = 0;
				GCC_PREPROCESSOR_DEFINITIONS = (
					"DEBUG=1",
					"$(inherited)",
				);
				GCC_WARN_64_TO_32_BIT_CONVERSION = YES;
				GCC_WARN_ABOUT_RETURN_TYPE = YES_ERROR;
				GCC_WARN_UNDECLARED_SELECTOR = YES;
				GCC_WARN_UNINITIALIZED_AUTOS = YES_AGGRESSIVE;
				GCC_WARN_UNUSED_FUNCTION = YES;
				GCC_WARN_UNUSED_VARIABLE = YES;
				IPHONEOS_DEPLOYMENT_TARGET = 10.3;
				MTL_ENABLE_DEBUG_INFO = YES;
				ONLY_ACTIVE_ARCH = YES;
				SDKROOT = iphoneos;
				SWIFT_ACTIVE_COMPILATION_CONDITIONS = DEBUG;
				SWIFT_OPTIMIZATION_LEVEL = "-Onone";
			};
			name = Debug;
		};
		24F43E951FB7319000C61BC8 /* Release */ = {
			isa = XCBuildConfiguration;
			buildSettings = {
				ALWAYS_SEARCH_USER_PATHS = NO;
				CLANG_ANALYZER_NONNULL = YES;
				CLANG_ANALYZER_NUMBER_OBJECT_CONVERSION = YES_AGGRESSIVE;
				CLANG_CXX_LANGUAGE_STANDARD = "gnu++0x";
				CLANG_CXX_LIBRARY = "libc++";
				CLANG_ENABLE_MODULES = YES;
				CLANG_ENABLE_OBJC_ARC = YES;
				CLANG_WARN_BOOL_CONVERSION = YES;
				CLANG_WARN_CONSTANT_CONVERSION = YES;
				CLANG_WARN_DIRECT_OBJC_ISA_USAGE = YES_ERROR;
				CLANG_WARN_DOCUMENTATION_COMMENTS = YES;
				CLANG_WARN_EMPTY_BODY = YES;
				CLANG_WARN_ENUM_CONVERSION = YES;
				CLANG_WARN_INFINITE_RECURSION = YES;
				CLANG_WARN_INT_CONVERSION = YES;
				CLANG_WARN_OBJC_ROOT_CLASS = YES_ERROR;
				CLANG_WARN_SUSPICIOUS_MOVE = YES;
				CLANG_WARN_UNREACHABLE_CODE = YES;
				CLANG_WARN__DUPLICATE_METHOD_MATCH = YES;
				"CODE_SIGN_IDENTITY[sdk=iphoneos*]" = "iPhone Developer";
				COPY_PHASE_STRIP = NO;
				DEBUG_INFORMATION_FORMAT = "dwarf-with-dsym";
				ENABLE_NS_ASSERTIONS = NO;
				ENABLE_STRICT_OBJC_MSGSEND = YES;
				GCC_C_LANGUAGE_STANDARD = gnu99;
				GCC_NO_COMMON_BLOCKS = YES;
				GCC_WARN_64_TO_32_BIT_CONVERSION = YES;
				GCC_WARN_ABOUT_RETURN_TYPE = YES_ERROR;
				GCC_WARN_UNDECLARED_SELECTOR = YES;
				GCC_WARN_UNINITIALIZED_AUTOS = YES_AGGRESSIVE;
				GCC_WARN_UNUSED_FUNCTION = YES;
				GCC_WARN_UNUSED_VARIABLE = YES;
				IPHONEOS_DEPLOYMENT_TARGET = 10.3;
				MTL_ENABLE_DEBUG_INFO = NO;
				SDKROOT = iphoneos;
				SWIFT_OPTIMIZATION_LEVEL = "-Owholemodule";
				VALIDATE_PRODUCT = YES;
			};
			name = Release;
		};
		24F43E971FB7319000C61BC8 /* Debug */ = {
			isa = XCBuildConfiguration;
			buildSettings = {
				ASSETCATALOG_COMPILER_APPICON_NAME = AppIcon;
				INFOPLIST_FILE = StudentRecipe/Info.plist;
				LD_RUNPATH_SEARCH_PATHS = "$(inherited) @executable_path/Frameworks";
				PRODUCT_BUNDLE_IDENTIFIER = com.gmail.roudani.muhammed.StudentRecipe;
				PRODUCT_NAME = "$(TARGET_NAME)";
				SWIFT_VERSION = 3.0;
			};
			name = Debug;
		};
		24F43E981FB7319000C61BC8 /* Release */ = {
			isa = XCBuildConfiguration;
			buildSettings = {
				ASSETCATALOG_COMPILER_APPICON_NAME = AppIcon;
				INFOPLIST_FILE = StudentRecipe/Info.plist;
				LD_RUNPATH_SEARCH_PATHS = "$(inherited) @executable_path/Frameworks";
				PRODUCT_BUNDLE_IDENTIFIER = com.gmail.roudani.muhammed.StudentRecipe;
				PRODUCT_NAME = "$(TARGET_NAME)";
				SWIFT_VERSION = 3.0;
			};
			name = Release;
		};
/* End XCBuildConfiguration section */

/* Begin XCConfigurationList section */
		24F43E7F1FB7319000C61BC8 /* Build configuration list for PBXProject "StudentRecipe" */ = {
			isa = XCConfigurationList;
			buildConfigurations = (
				24F43E941FB7319000C61BC8 /* Debug */,
				24F43E951FB7319000C61BC8 /* Release */,
			);
			defaultConfigurationIsVisible = 0;
			defaultConfigurationName = Release;
		};
		24F43E961FB7319000C61BC8 /* Build configuration list for PBXNativeTarget "StudentRecipe" */ = {
			isa = XCConfigurationList;
			buildConfigurations = (
				24F43E971FB7319000C61BC8 /* Debug */,
				24F43E981FB7319000C61BC8 /* Release */,
			);
			defaultConfigurationIsVisible = 0;
		};
/* End XCConfigurationList section */
	};
	rootObject = 24F43E7C1FB7319000C61BC8 /* Project object */;
}
